{
  "name": "tsmetrics-core",
  "version": "1.3.0",
  "lockfileVersion": 1,
  "requires": true,
  "dependencies": {
    "@types/node": {
      "version": "18.11.17",
      "resolved": "https://registry.npmjs.org/@types/node/-/node-18.11.17.tgz",
      "integrity": "sha512-HJSUJmni4BeDHhfzn6nF0sVmd1SMezP7/4F0Lq+aXzmp2xm9O7WXrUtHW/CHlYVtZUbByEvWidHqRtcJXGF2Ng==",
      "dev": true
    },
    "prettier": {
      "version": "2.8.1",
      "resolved": "https://registry.npmjs.org/prettier/-/prettier-2.8.1.tgz",
      "integrity": "sha512-lqGoSJBQNJidqCHE80vqZJHWHRFoNYsSpP9AjFhlhi9ODCJA541svILes/+/1GM3VaL/abZi7cpFzOpdR9UPKg==",
      "dev": true
    },
    "typescript": {
      "version": "4.9.4",
      "resolved": "https://registry.npmjs.org/typescript/-/typescript-4.9.4.tgz",
      "integrity": "sha512-Uz+dTXYzxXXbsFpM86Wh3dKCxrQqUcVMxwU54orwlJjOpO3ao8L7j5lH+dWfTwgCwIuM9GQ2kvVotzYJMXTBZg==",
      "dev": true
    }
  }
}
