{
  "name": "tsmetrics-core",
  "version": "1.0.2",
  "lockfileVersion": 1,
  "requires": true,
  "dependencies": {
    "@types/node": {
      "version": "6.0.104",
      "resolved": "https://registry.npmjs.org/@types/node/-/node-6.0.104.tgz",
      "integrity": "sha512-xPuI3Yeyc3u5SY7aFu6ILTJHFXo820DSfqNqYi1gxPmbpul+vLSfo3vhrY80d0+SdOYR9KdXHg6ozx4i/02LCg==",
      "dev": true
    },
    "typescript": {
      "version": "2.8.1",
      "resolved": "https://registry.npmjs.org/typescript/-/typescript-2.8.1.tgz",
      "integrity": "sha512-Ao/f6d/4EPLq0YwzsQz8iXflezpTkQzqAyenTiw4kCUGr1uPiFLC3+fZ+gMZz6eeI/qdRUqvC+HxIJzUAzEFdg==",
      "dev": true
    }
  }
}
